
Microsoft Visual Studio Solution File, Format Version 12.00
# Visual Studio Version 17
VisualStudioVersion = 17.14.36310.24
MinimumVisualStudioVersion = 10.0.40219.1
Project("{FAE04EC0-301F-11D3-BF4B-00C04F79EFBC}") = "Ecommerce-Microservice", "Ecommerce-Microservice\Ecommerce-Microservice.csproj", "{2E1F9659-872E-668D-0C38-4947AA600CD4}"
EndProject
Project("{FAE04EC0-301F-11D3-BF4B-00C04F79EFBC}") = "Ecommerce-Web", "Ecommerce-Web\Ecommerce-Web.csproj", "{F57A0193-D3CB-A8B9-1F76-AD36F3303777}"
EndProject
Global
	GlobalSection(SolutionConfigurationPlatforms) = preSolution
		Debug|Any CPU = Debug|Any CPU
		Release|Any CPU = Release|Any CPU
	EndGlobalSection
	GlobalSection(ProjectConfigurationPlatforms) = postSolution
		{2E1F9659-872E-668D-0C38-4947AA600CD4}.Debug|Any CPU.ActiveCfg = Debug|Any CPU
		{2E1F9659-872E-668D-0C38-4947AA600CD4}.Debug|Any CPU.Build.0 = Debug|Any CPU
		{2E1F9659-872E-668D-0C38-4947AA600CD4}.Release|Any CPU.ActiveCfg = Release|Any CPU
		{2E1F9659-872E-668D-0C38-4947AA600CD4}.Release|Any CPU.Build.0 = Release|Any CPU
		{F57A0193-D3CB-A8B9-1F76-AD36F3303777}.Debug|Any CPU.ActiveCfg = Debug|Any CPU
		{F57A0193-D3CB-A8B9-1F76-AD36F3303777}.Debug|Any CPU.Build.0 = Debug|Any CPU
		{F57A0193-D3CB-A8B9-1F76-AD36F3303777}.Release|Any CPU.ActiveCfg = Release|Any CPU
		{F57A0193-D3CB-A8B9-1F76-AD36F3303777}.Release|Any CPU.Build.0 = Release|Any CPU
	EndGlobalSection
	GlobalSection(SolutionProperties) = preSolution
		HideSolutionNode = FALSE
	EndGlobalSection
	GlobalSection(ExtensibilityGlobals) = postSolution
		SolutionGuid = {271E1092-F8EF-4D79-B761-4A680E1AF07F}
	EndGlobalSection
EndGlobal
